Microsoft Visual Studio Solution File, Format Version 12.00
# Visual Studio Version 17
VisualStudioVersion = 17.5.33414.496
MinimumVisualStudioVersion = 10.0.40219.1
Project("{FAE04EC0-301F-11D3-BF4B-00C04F79EFBC}") = "VSTGUIAdvancedDesigner", "VSTGUIAdvancedDesigner\VSTGUIAdvancedDesigner.csproj", "{0AF02C82-74ED-4101-81C8-6DF6507D0505}"
EndProject
Global
GlobalSection(SolutionConfigurationPlatforms) = preSolution
Debug|Any CPU = Debug|Any CPU
Release|Any CPU = Release|Any CPU
EndGlobalSection
GlobalSection(ProjectConfigurationPlatforms) = postSolution
{0AF02C82-74ED-4101-81C8-6DF6507D0505}.Debug|Any CPU.ActiveCfg = Debug|Any CPU
{0AF02C82-74ED-4101-81C8-6DF6507D0505}.Debug|Any CPU.Build.0 = Debug|Any CPU
{0AF02C82-74ED-4101-81C8-6DF6507D0505}.Release|Any CPU.ActiveCfg = Release|Any CPU
{0AF02C82-74ED-4101-81C8-6DF6507D0505}.Release|Any CPU.Build.0 = Release|Any CPU
EndGlobalSection
GlobalSection(SolutionProperties) = preSolution
HideSolutionNode = FALSE
EndGlobalSection
GlobalSection(ExtensibilityGlobals) = postSolution
SolutionGuid = {1C5CF24B-667E-456D-9A04-87E479CB8D8D}
EndGlobalSection
EndGlobal
